// !$*UTF8*$!
{
	archiveVersion = 1;
	classes = {
	};
	objectVersion = 56;
	objects = {

/* Begin PBXBuildFile section */
		E1139D962B05150B000C6940 /* CardView.swift in Sources */ = {isa = PBXBuildFile; fileRef = E1139D952B05150B000C6940 /* CardView.swift */; };
		E1139D982B0635A6000C6940 /* Diamond.swift in Sources */ = {isa = PBXBuildFile; fileRef = E1139D972B0635A6000C6940 /* Diamond.swift */; };
		E127C88A2AD6C19100B24A98 /* MemorizeGame.swift in Sources */ = {isa = PBXBuildFile; fileRef = E127C8892AD6C19100B24A98 /* MemorizeGame.swift */; };
		E127C88C2AD6C35600B24A98 /* EmojiMemorizeGame.swift in Sources */ = {isa = PBXBuildFile; fileRef = E127C88B2AD6C35600B24A98 /* EmojiMemorizeGame.swift */; };
		E1B7C3C72ACAED9D0050B8C9 /* CS193p_2023App.swift in Sources */ = {isa = PBXBuildFile; fileRef = E1B7C3C62ACAED9D0050B8C9 /* CS193p_2023App.swift */; };
		E1B7C3C92ACAED9D0050B8C9 /* EmojiMemorizeView.swift in Sources */ = {isa = PBXBuildFile; fileRef = E1B7C3C82ACAED9D0050B8C9 /* EmojiMemorizeView.swift */; };
		E1B7C3CB2ACAED9D0050B8C9 /* Assets.xcassets in Resources */ = {isa = PBXBuildFile; fileRef = E1B7C3CA2ACAED9D0050B8C9 /* Assets.xcassets */; };
		E1B7C3CF2ACAED9D0050B8C9 /* Preview Assets.xcassets in Resources */ = {isa = PBXBuildFile; fileRef = E1B7C3CE2ACAED9D0050B8C9 /* Preview Assets.xcassets */; };
/* End PBXBuildFile section */

/* Begin PBXFileReference section */
		E1139D952B05150B000C6940 /* CardView.swift */ = {isa = PBXFileReference; lastKnownFileType = sourcecode.swift; path = CardView.swift; sourceTree = "<group>"; };
		E1139D972B0635A6000C6940 /* Diamond.swift */ = {isa = PBXFileReference; lastKnownFileType = sourcecode.swift; path = Diamond.swift; sourceTree = "<group>"; };
		E127C8892AD6C19100B24A98 /* MemorizeGame.swift */ = {isa = PBXFileReference; lastKnownFileType = sourcecode.swift; path = MemorizeGame.swift; sourceTree = "<group>"; };
		E127C88B2AD6C35600B24A98 /* EmojiMemorizeGame.swift */ = {isa = PBXFileReference; lastKnownFileType = sourcecode.swift; path = EmojiMemorizeGame.swift; sourceTree = "<group>"; };
		E1B7C3C32ACAED9D0050B8C9 /* CS193p-2023.app */ = {isa = PBXFileReference; explicitFileType = wrapper.application; includeInIndex = 0; path = "CS193p-2023.app"; sourceTree = BUILT_PRODUCTS_DIR; };
		E1B7C3C62ACAED9D0050B8C9 /* CS193p_2023App.swift */ = {isa = PBXFileReference; lastKnownFileType = sourcecode.swift; path = CS193p_2023App.swift; sourceTree = "<group>"; };
		E1B7C3C82ACAED9D0050B8C9 /* EmojiMemorizeView.swift */ = {isa = PBXFileReference; lastKnownFileType = sourcecode.swift; path = EmojiMemorizeView.swift; sourceTree = "<group>"; };
		E1B7C3CA2ACAED9D0050B8C9 /* Assets.xcassets */ = {isa = PBXFileReference; lastKnownFileType = folder.assetcatalog; path = Assets.xcassets; sourceTree = "<group>"; };
		E1B7C3CC2ACAED9D0050B8C9 /* CS193p_2023.entitlements */ = {isa = PBXFileReference; lastKnownFileType = text.plist.entitlements; path = CS193p_2023.entitlements; sourceTree = "<group>"; };
		E1B7C3CE2ACAED9D0050B8C9 /* Preview Assets.xcassets */ = {isa = PBXFileReference; lastKnownFileType = folder.assetcatalog; path = "Preview Assets.xcassets"; sourceTree = "<group>"; };
		E1B7C3D52ACB19410050B8C9 /* README.md */ = {isa = PBXFileReference; lastKnownFileType = net.daringfireball.markdown; path = README.md; sourceTree = "<group>"; };
/* End PBXFileReference section */

/* Begin PBXFrameworksBuildPhase section */
		E1B7C3C02ACAED9D0050B8C9 /* Frameworks */ = {
			isa = PBXFrameworksBuildPhase;
			buildActionMask = 2147483647;
			files = (
			);
			runOnlyForDeploymentPostprocessing = 0;
		};
/* End PBXFrameworksBuildPhase section */

/* Begin PBXGroup section */
		E1B7C3BA2ACAED9D0050B8C9 = {
			isa = PBXGroup;
			children = (
				E1B7C3C52ACAED9D0050B8C9 /* CS193p-2023 */,
				E1B7C3C42ACAED9D0050B8C9 /* Products */,
			);
			sourceTree = "<group>";
		};
		E1B7C3C42ACAED9D0050B8C9 /* Products */ = {
			isa = PBXGroup;
			children = (
				E1B7C3C32ACAED9D0050B8C9 /* CS193p-2023.app */,
			);
			name = Products;
			sourceTree = "<group>";
		};
		E1B7C3C52ACAED9D0050B8C9 /* CS193p-2023 */ = {
			isa = PBXGroup;
			children = (
				E1B7C3C62ACAED9D0050B8C9 /* CS193p_2023App.swift */,
				E127C8892AD6C19100B24A98 /* MemorizeGame.swift */,
				E127C88B2AD6C35600B24A98 /* EmojiMemorizeGame.swift */,
				E1B7C3C82ACAED9D0050B8C9 /* EmojiMemorizeView.swift */,
				E1139D972B0635A6000C6940 /* Diamond.swift */,
				E1139D952B05150B000C6940 /* CardView.swift */,
				E1B7C3CA2ACAED9D0050B8C9 /* Assets.xcassets */,
				E1B7C3D52ACB19410050B8C9 /* README.md */,
				E1B7C3CC2ACAED9D0050B8C9 /* CS193p_2023.entitlements */,
				E1B7C3CD2ACAED9D0050B8C9 /* Preview Content */,
			);
			path = "CS193p-2023";
			sourceTree = "<group>";
		};
		E1B7C3CD2ACAED9D0050B8C9 /* Preview Content */ = {
			isa = PBXGroup;
			children = (
				E1B7C3CE2ACAED9D0050B8C9 /* Preview Assets.xcassets */,
			);
			path = "Preview Content";
			sourceTree = "<group>";
		};
/* End PBXGroup section */

/* Begin PBXNativeTarget section */
		E1B7C3C22ACAED9D0050B8C9 /* CS193p-2023 */ = {
			isa = PBXNativeTarget;
			buildConfigurationList = E1B7C3D22ACAED9D0050B8C9 /* Build configuration list for PBXNativeTarget "CS193p-2023" */;
			buildPhases = (
				E1B7C3BF2ACAED9D0050B8C9 /* Sources */,
				E1B7C3C02ACAED9D0050B8C9 /* Frameworks */,
				E1B7C3C12ACAED9D0050B8C9 /* Resources */,
			);
			buildRules = (
			);
			dependencies = (
			);
			name = "CS193p-2023";
			productName = "CS193p-2023";
			productReference = E1B7C3C32ACAED9D0050B8C9 /* CS193p-2023.app */;
			productType = "com.apple.product-type.application";
		};
/* End PBXNativeTarget section */

/* Begin PBXProject section */
		E1B7C3BB2ACAED9D0050B8C9 /* Project object */ = {
			isa = PBXProject;
			attributes = {
				BuildIndependentTargetsInParallel = 1;
				LastSwiftUpdateCheck = 1410;
				LastUpgradeCheck = 1410;
				TargetAttributes = {
					E1B7C3C22ACAED9D0050B8C9 = {
						CreatedOnToolsVersion = 14.1;
					};
				};
			};
			buildConfigurationList = E1B7C3BE2ACAED9D0050B8C9 /* Build configuration list for PBXProject "CS193p-2023" */;
			compatibilityVersion = "Xcode 14.0";
			developmentRegion = en;
			hasScannedForEncodings = 0;
			knownRegions = (
				en,
				Base,
			);
			mainGroup = E1B7C3BA2ACAED9D0050B8C9;
			productRefGroup = E1B7C3C42ACAED9D0050B8C9 /* Products */;
			projectDirPath = "";
			projectRoot = "";
			targets = (
				E1B7C3C22ACAED9D0050B8C9 /* CS193p-2023 */,
			);
		};
/* End PBXProject section */

/* Begin PBXResourcesBuildPhase section */
		E1B7C3C12ACAED9D0050B8C9 /* Resources */ = {
			isa = PBXResourcesBuildPhase;
			buildActionMask = 2147483647;
			files = (
				E1B7C3CF2ACAED9D0050B8C9 /* Preview Assets.xcassets in Resources */,
				E1B7C3CB2ACAED9D0050B8C9 /* Assets.xcassets in Resources */,
			);
			runOnlyForDeploymentPostprocessing = 0;
		};
/* End PBXResourcesBuildPhase section */

/* Begin PBXSourcesBuildPhase section */
		E1B7C3BF2ACAED9D0050B8C9 /* Sources */ = {
			isa = PBXSourcesBuildPhase;
			buildActionMask = 2147483647;
			files = (
				E1139D982B0635A6000C6940 /* Diamond.swift in Sources */,
				E127C88C2AD6C35600B24A98 /* EmojiMemorizeGame.swift in Sources */,
				E1B7C3C92ACAED9D0050B8C9 /* EmojiMemorizeView.swift in Sources */,
				E1B7C3C72ACAED9D0050B8C9 /* CS193p_2023App.swift in Sources */,
				E127C88A2AD6C19100B24A98 /* MemorizeGame.swift in Sources */,
				E1139D962B05150B000C6940 /* CardView.swift in Sources */,
			);
			runOnlyForDeploymentPostprocessing = 0;
		};
/* End PBXSourcesBuildPhase section */

/* Begin XCBuildConfiguration section */
		E1B7C3D02ACAED9D0050B8C9 /* Debug */ = {
			isa = XCBuildConfiguration;
			buildSettings = {
				ALWAYS_SEARCH_USER_PATHS = NO;
				CLANG_ANALYZER_NONNULL = YES;
				CLANG_ANALYZER_NUMBER_OBJECT_CONVERSION = YES_AGGRESSIVE;
				CLANG_CXX_LANGUAGE_STANDARD = "gnu++20";
				CLANG_ENABLE_MODULES = YES;
				CLANG_ENABLE_OBJC_ARC = YES;
				CLANG_ENABLE_OBJC_WEAK = YES;
				CLANG_WARN_BLOCK_CAPTURE_AUTORELEASING = YES;
				CLANG_WARN_BOOL_CONVERSION = YES;
				CLANG_WARN_COMMA = YES;
				CLANG_WARN_CONSTANT_CONVERSION = YES;
				CLANG_WARN_DEPRECATED_OBJC_IMPLEMENTATIONS = YES;
				CLANG_WARN_DIRECT_OBJC_ISA_USAGE = YES_ERROR;
				CLANG_WARN_DOCUMENTATION_COMMENTS = YES;
				CLANG_WARN_EMPTY_BODY = YES;
				CLANG_WARN_ENUM_CONVERSION = YES;
				CLANG_WARN_INFINITE_RECURSION = YES;
				CLANG_WARN_INT_CONVERSION = YES;
				CLANG_WARN_NON_LITERAL_NULL_CONVERSION = YES;
				CLANG_WARN_OBJC_IMPLICIT_RETAIN_SELF = YES;
				CLANG_WARN_OBJC_LITERAL_CONVERSION = YES;
				CLANG_WARN_OBJC_ROOT_CLASS = YES_ERROR;
				CLANG_WARN_QUOTED_INCLUDE_IN_FRAMEWORK_HEADER = YES;
				CLANG_WARN_RANGE_LOOP_ANALYSIS = YES;
				CLANG_WARN_STRICT_PROTOTYPES = YES;
				CLANG_WARN_SUSPICIOUS_MOVE = YES;
				CLANG_WARN_UNGUARDED_AVAILABILITY = YES_AGGRESSIVE;
				CLANG_WARN_UNREACHABLE_CODE = YES;
				CLANG_WARN__DUPLICATE_METHOD_MATCH = YES;
				COPY_PHASE_STRIP = NO;
				DEBUG_INFORMATION_FORMAT = dwarf;
				ENABLE_STRICT_OBJC_MSGSEND = YES;
				ENABLE_TESTABILITY = YES;
				GCC_C_LANGUAGE_STANDARD = gnu11;
				GCC_DYNAMIC_NO_PIC = NO;
				GCC_NO_COMMON_BLOCKS = YES;
				GCC_OPTIMIZATION_LEVEL = 0;
				GCC_PREPROCESSOR_DEFINITIONS = (
					"DEBUG=1",
					"$(inherited)",
				);
				GCC_WARN_64_TO_32_BIT_CONVERSION = YES;
				GCC_WARN_ABOUT_RETURN_TYPE = YES_ERROR;
				GCC_WARN_UNDECLARED_SELECTOR = YES;
				GCC_WARN_UNINITIALIZED_AUTOS = YES_AGGRESSIVE;
				GCC_WARN_UNUSED_FUNCTION = YES;
				GCC_WARN_UNUSED_VARIABLE = YES;
				MTL_ENABLE_DEBUG_INFO = INCLUDE_SOURCE;
				MTL_FAST_MATH = YES;
				ONLY_ACTIVE_ARCH = YES;
				SWIFT_ACTIVE_COMPILATION_CONDITIONS = DEBUG;
				SWIFT_OPTIMIZATION_LEVEL = "-Onone";
			};
			name = Debug;
		};
		E1B7C3D12ACAED9D0050B8C9 /* Release */ = {
			isa = XCBuildConfiguration;
			buildSettings = {
				ALWAYS_SEARCH_USER_PATHS = NO;
				CLANG_ANALYZER_NONNULL = YES;
				CLANG_ANALYZER_NUMBER_OBJECT_CONVERSION = YES_AGGRESSIVE;
				CLANG_CXX_LANGUAGE_STANDARD = "gnu++20";
				CLANG_ENABLE_MODULES = YES;
				CLANG_ENABLE_OBJC_ARC = YES;
				CLANG_ENABLE_OBJC_WEAK = YES;
				CLANG_WARN_BLOCK_CAPTURE_AUTORELEASING = YES;
				CLANG_WARN_BOOL_CONVERSION = YES;
				CLANG_WARN_COMMA = YES;
				CLANG_WARN_CONSTANT_CONVERSION = YES;
				CLANG_WARN_DEPRECATED_OBJC_IMPLEMENTATIONS = YES;
				CLANG_WARN_DIRECT_OBJC_ISA_USAGE = YES_ERROR;
				CLANG_WARN_DOCUMENTATION_COMMENTS = YES;
				CLANG_WARN_EMPTY_BODY = YES;
				CLANG_WARN_ENUM_CONVERSION = YES;
				CLANG_WARN_INFINITE_RECURSION = YES;
				CLANG_WARN_INT_CONVERSION = YES;
				CLANG_WARN_NON_LITERAL_NULL_CONVERSION = YES;
				CLANG_WARN_OBJC_IMPLICIT_RETAIN_SELF = YES;
				CLANG_WARN_OBJC_LITERAL_CONVERSION = YES;
				CLANG_WARN_OBJC_ROOT_CLASS = YES_ERROR;
				CLANG_WARN_QUOTED_INCLUDE_IN_FRAMEWORK_HEADER = YES;
				CLANG_WARN_RANGE_LOOP_ANALYSIS = YES;
				CLANG_WARN_STRICT_PROTOTYPES = YES;
				CLANG_WARN_SUSPICIOUS_MOVE = YES;
				CLANG_WARN_UNGUARDED_AVAILABILITY = YES_AGGRESSIVE;
				CLANG_WARN_UNREACHABLE_CODE = YES;
				CLANG_WARN__DUPLICATE_METHOD_MATCH = YES;
				COPY_PHASE_STRIP = NO;
				DEBUG_INFORMATION_FORMAT = "dwarf-with-dsym";
				ENABLE_NS_ASSERTIONS = NO;
				ENABLE_STRICT_OBJC_MSGSEND = YES;
				GCC_C_LANGUAGE_STANDARD = gnu11;
				GCC_NO_COMMON_BLOCKS = YES;
				GCC_WARN_64_TO_32_BIT_CONVERSION = YES;
				GCC_WARN_ABOUT_RETURN_TYPE = YES_ERROR;
				GCC_WARN_UNDECLARED_SELECTOR = YES;
				GCC_WARN_UNINITIALIZED_AUTOS = YES_AGGRESSIVE;
				GCC_WARN_UNUSED_FUNCTION = YES;
				GCC_WARN_UNUSED_VARIABLE = YES;
				MTL_ENABLE_DEBUG_INFO = NO;
				MTL_FAST_MATH = YES;
				SWIFT_COMPILATION_MODE = wholemodule;
				SWIFT_OPTIMIZATION_LEVEL = "-O";
			};
			name = Release;
		};
		E1B7C3D32ACAED9D0050B8C9 /* Debug */ = {
			isa = XCBuildConfiguration;
			buildSettings = {
				ASSETCATALOG_COMPILER_APPICON_NAME = AppIcon;
				ASSETCATALOG_COMPILER_GLOBAL_ACCENT_COLOR_NAME = AccentColor;
				CODE_SIGN_ENTITLEMENTS = "CS193p-2023/CS193p_2023.entitlements";
				CODE_SIGN_STYLE = Automatic;
				CURRENT_PROJECT_VERSION = 1;
				DEVELOPMENT_ASSET_PATHS = "\"CS193p-2023/Preview Content\"";
				DEVELOPMENT_TEAM = 28W5962385;
				ENABLE_HARDENED_RUNTIME = YES;
				ENABLE_PREVIEWS = YES;
				GENERATE_INFOPLIST_FILE = YES;
				"INFOPLIST_KEY_UIApplicationSceneManifest_Generation[sdk=iphoneos*]" = YES;
				"INFOPLIST_KEY_UIApplicationSceneManifest_Generation[sdk=iphonesimulator*]" = YES;
				"INFOPLIST_KEY_UIApplicationSupportsIndirectInputEvents[sdk=iphoneos*]" = YES;
				"INFOPLIST_KEY_UIApplicationSupportsIndirectInputEvents[sdk=iphonesimulator*]" = YES;
				"INFOPLIST_KEY_UILaunchScreen_Generation[sdk=iphoneos*]" = YES;
				"INFOPLIST_KEY_UILaunchScreen_Generation[sdk=iphonesimulator*]" = YES;
				"INFOPLIST_KEY_UIStatusBarStyle[sdk=iphoneos*]" = UIStatusBarStyleDefault;
				"INFOPLIST_KEY_UIStatusBarStyle[sdk=iphonesimulator*]" = UIStatusBarStyleDefault;
				INFOPLIST_KEY_UISupportedInterfaceOrientations_iPad = "UIInterfaceOrientationPortrait UIInterfaceOrientationPortraitUpsideDown UIInterfaceOrientationLandscapeLeft UIInterfaceOrientationLandscapeRight";
				INFOPLIST_KEY_UISupportedInterfaceOrientations_iPhone = "UIInterfaceOrientationPortrait UIInterfaceOrientationLandscapeLeft UIInterfaceOrientationLandscapeRight";
				IPHONEOS_DEPLOYMENT_TARGET = 16.1;
				LD_RUNPATH_SEARCH_PATHS = "@executable_path/Frameworks";
				"LD_RUNPATH_SEARCH_PATHS[sdk=macosx*]" = "@executable_path/../Frameworks";
				MACOSX_DEPLOYMENT_TARGET = 13.0;
				MARKETING_VERSION = 1.0;
				PRODUCT_BUNDLE_IDENTIFIER = "k-katerina-k.CS193p-2023";
				PRODUCT_NAME = "$(TARGET_NAME)";
				SDKROOT = auto;
				SUPPORTED_PLATFORMS = "iphoneos iphonesimulator macosx";
				SWIFT_EMIT_LOC_STRINGS = YES;
				SWIFT_VERSION = 5.0;
				TARGETED_DEVICE_FAMILY = "1,2";
			};
			name = Debug;
		};
		E1B7C3D42ACAED9D0050B8C9 /* Release */ = {
			isa = XCBuildConfiguration;
			buildSettings = {
				ASSETCATALOG_COMPILER_APPICON_NAME = AppIcon;
				ASSETCATALOG_COMPILER_GLOBAL_ACCENT_COLOR_NAME = AccentColor;
				CODE_SIGN_ENTITLEMENTS = "CS193p-2023/CS193p_2023.entitlements";
				CODE_SIGN_STYLE = Automatic;
				CURRENT_PROJECT_VERSION = 1;
				DEVELOPMENT_ASSET_PATHS = "\"CS193p-2023/Preview Content\"";
				DEVELOPMENT_TEAM = 28W5962385;
				ENABLE_HARDENED_RUNTIME = YES;
				ENABLE_PREVIEWS = YES;
				GENERATE_INFOPLIST_FILE = YES;
				"INFOPLIST_KEY_UIApplicationSceneManifest_Generation[sdk=iphoneos*]" = YES;
				"INFOPLIST_KEY_UIApplicationSceneManifest_Generation[sdk=iphonesimulator*]" = YES;
				"INFOPLIST_KEY_UIApplicationSupportsIndirectInputEvents[sdk=iphoneos*]" = YES;
				"INFOPLIST_KEY_UIApplicationSupportsIndirectInputEvents[sdk=iphonesimulator*]" = YES;
				"INFOPLIST_KEY_UILaunchScreen_Generation[sdk=iphoneos*]" = YES;
				"INFOPLIST_KEY_UILaunchScreen_Generation[sdk=iphonesimulator*]" = YES;
				"INFOPLIST_KEY_UIStatusBarStyle[sdk=iphoneos*]" = UIStatusBarStyleDefault;
				"INFOPLIST_KEY_UIStatusBarStyle[sdk=iphonesimulator*]" = UIStatusBarStyleDefault;
				INFOPLIST_KEY_UISupportedInterfaceOrientations_iPad = "UIInterfaceOrientationPortrait UIInterfaceOrientationPortraitUpsideDown UIInterfaceOrientationLandscapeLeft UIInterfaceOrientationLandscapeRight";
				INFOPLIST_KEY_UISupportedInterfaceOrientations_iPhone = "UIInterfaceOrientationPortrait UIInterfaceOrientationLandscapeLeft UIInterfaceOrientationLandscapeRight";
				IPHONEOS_DEPLOYMENT_TARGET = 16.1;
				LD_RUNPATH_SEARCH_PATHS = "@executable_path/Frameworks";
				"LD_RUNPATH_SEARCH_PATHS[sdk=macosx*]" = "@executable_path/../Frameworks";
				MACOSX_DEPLOYMENT_TARGET = 13.0;
				MARKETING_VERSION = 1.0;
				PRODUCT_BUNDLE_IDENTIFIER = "k-katerina-k.CS193p-2023";
				PRODUCT_NAME = "$(TARGET_NAME)";
				SDKROOT = auto;
				SUPPORTED_PLATFORMS = "iphoneos iphonesimulator macosx";
				SWIFT_EMIT_LOC_STRINGS = YES;
				SWIFT_VERSION = 5.0;
				TARGETED_DEVICE_FAMILY = "1,2";
			};
			name = Release;
		};
/* End XCBuildConfiguration section */

/* Begin XCConfigurationList section */
		E1B7C3BE2ACAED9D0050B8C9 /* Build configuration list for PBXProject "CS193p-2023" */ = {
			isa = XCConfigurationList;
			buildConfigurations = (
				E1B7C3D02ACAED9D0050B8C9 /* Debug */,
				E1B7C3D12ACAED9D0050B8C9 /* Release */,
			);
			defaultConfigurationIsVisible = 0;
			defaultConfigurationName = Release;
		};
		E1B7C3D22ACAED9D0050B8C9 /* Build configuration list for PBXNativeTarget "CS193p-2023" */ = {
			isa = XCConfigurationList;
			buildConfigurations = (
				E1B7C3D32ACAED9D0050B8C9 /* Debug */,
				E1B7C3D42ACAED9D0050B8C9 /* Release */,
			);
			defaultConfigurationIsVisible = 0;
			defaultConfigurationName = Release;
		};
/* End XCConfigurationList section */
	};
	rootObject = E1B7C3BB2ACAED9D0050B8C9 /* Project object */;
}
